
Microsoft Visual Studio Solution File, Format Version 12.00
# Visual Studio Version 17
VisualStudioVersion = 17.8.34330.188
MinimumVisualStudioVersion = 10.0.40219.1
Project("{9A19103F-16F7-4668-BE54-9A1E7A4F7556}") = "CoreTests", "CoreTests\CoreTests.csproj", "{0F31FC5A-B7D3-4A6D-8F67-A435C46D0923}"
EndProject
Project("{9A19103F-16F7-4668-BE54-9A1E7A4F7556}") = "SledgeOmatic", "SledgeOMatic\SledgeOmatic.csproj", "{0A7899B3-4E2F-459F-B4FF-1F08A23140BE}"
EndProject
Global
	GlobalSection(SolutionConfigurationPlatforms) = preSolution
		Debug|Any CPU = Debug|Any CPU
		Release|Any CPU = Release|Any CPU
	EndGlobalSection
	GlobalSection(ProjectConfigurationPlatforms) = postSolution
		{0F31FC5A-B7D3-4A6D-8F67-A435C46D0923}.Debug|Any CPU.ActiveCfg = Debug|Any CPU
		{0F31FC5A-B7D3-4A6D-8F67-A435C46D0923}.Debug|Any CPU.Build.0 = Debug|Any CPU
		{0F31FC5A-B7D3-4A6D-8F67-A435C46D0923}.Release|Any CPU.ActiveCfg = Release|Any CPU
		{0F31FC5A-B7D3-4A6D-8F67-A435C46D0923}.Release|Any CPU.Build.0 = Release|Any CPU
		{0A7899B3-4E2F-459F-B4FF-1F08A23140BE}.Debug|Any CPU.ActiveCfg = Debug|Any CPU
		{0A7899B3-4E2F-459F-B4FF-1F08A23140BE}.Debug|Any CPU.Build.0 = Debug|Any CPU
		{0A7899B3-4E2F-459F-B4FF-1F08A23140BE}.Release|Any CPU.ActiveCfg = Release|Any CPU
		{0A7899B3-4E2F-459F-B4FF-1F08A23140BE}.Release|Any CPU.Build.0 = Release|Any CPU
	EndGlobalSection
	GlobalSection(SolutionProperties) = preSolution
		HideSolutionNode = FALSE
	EndGlobalSection
	GlobalSection(ExtensibilityGlobals) = postSolution
		SolutionGuid = {469A02F6-C03E-45D8-A5A9-746AEB0204B3}
	EndGlobalSection
EndGlobal
